
Microsoft Visual Studio Solution File, Format Version 12.00
# Visual Studio 15
Project("{FAE04EC0-301F-11D3-BF4B-00C04F79EFBC}") = "AutoHandAssembly", "AutoHandAssembly.csproj", "{31FEADAA-139E-D6E9-7830-AC566CD0418A}"
EndProject
Project("{FAE04EC0-301F-11D3-BF4B-00C04F79EFBC}") = "SteamVR_Input_Editor", "SteamVR_Input_Editor.csproj", "{728D6617-D48F-4880-AE5A-0E27663FF702}"
EndProject
Project("{FAE04EC0-301F-11D3-BF4B-00C04F79EFBC}") = "NaughtyAttributes.Core", "NaughtyAttributes.Core.csproj", "{E622096F-900D-FC18-DA87-2FA8899773C7}"
EndProject
Project("{FAE04EC0-301F-11D3-BF4B-00C04F79EFBC}") = "SteamVR", "SteamVR.csproj", "{359F0B25-4685-B09E-2B55-EC2344C7D6AF}"
EndProject
Project("{FAE04EC0-301F-11D3-BF4B-00C04F79EFBC}") = "Autohand.OpenXR", "Autohand.OpenXR.csproj", "{F66064E7-A697-FA78-8478-745ACF3020AF}"
EndProject
Project("{FAE04EC0-301F-11D3-BF4B-00C04F79EFBC}") = "Autohand.Editor", "Autohand.Editor.csproj", "{599A80A7-BB7E-3460-9765-7F523C5ADD49}"
EndProject
Project("{FAE04EC0-301F-11D3-BF4B-00C04F79EFBC}") = "SteamVR_Editor", "SteamVR_Editor.csproj", "{ABF12464-235D-0A71-058A-E3DD2C27E2E6}"
EndProject
Project("{FAE04EC0-301F-11D3-BF4B-00C04F79EFBC}") = "NaughtyAttributes.Editor", "NaughtyAttributes.Editor.csproj", "{699C0F73-DC48-8257-BCDA-29C874C201C0}"
EndProject
Project("{FAE04EC0-301F-11D3-BF4B-00C04F79EFBC}") = "Autohand.OpenXR.Editor", "Autohand.OpenXR.Editor.csproj", "{C866833E-B205-1B23-E897-05EF01CF757A}"
EndProject
Project("{FAE04EC0-301F-11D3-BF4B-00C04F79EFBC}") = "Assembly-CSharp-Editor", "Assembly-CSharp-Editor.csproj", "{48F67B4B-57C8-2DDC-A926-879F72F6585C}"
EndProject
Project("{FAE04EC0-301F-11D3-BF4B-00C04F79EFBC}") = "Assembly-CSharp", "Assembly-CSharp.csproj", "{81FEABC4-BFC8-F381-57D5-D9622634AC0E}"
EndProject
Project("{FAE04EC0-301F-11D3-BF4B-00C04F79EFBC}") = "Autohand.XR", "Autohand.XR.csproj", "{4AB6BB60-1003-F642-1246-084AC2B7CD4F}"
EndProject
Project("{FAE04EC0-301F-11D3-BF4B-00C04F79EFBC}") = "SteamVR_Actions", "SteamVR_Actions.csproj", "{43086F7C-0AE1-C8D5-16B4-FE4F7A305089}"
EndProject
Project("{FAE04EC0-301F-11D3-BF4B-00C04F79EFBC}") = "SteamVR_Windows_EditorHelper", "SteamVR_Windows_EditorHelper.csproj", "{B830DE09-9FE6-CC5D-98EE-DDF7DEC76CBA}"
EndProject
Project("{FAE04EC0-301F-11D3-BF4B-00C04F79EFBC}") = "Autohand.XR.Editor", "Autohand.XR.Editor.csproj", "{29A6F6A2-6CDB-B17C-1F68-9822E8312FAB}"
EndProject
Global
	GlobalSection(SolutionConfigurationPlatforms) = preSolution
		Debug|Any CPU = Debug|Any CPU
		Release|Any CPU = Release|Any CPU
	EndGlobalSection
	GlobalSection(ProjectConfigurationPlatforms) = postSolution
		{31FEADAA-139E-D6E9-7830-AC566CD0418A}.Debug|Any CPU.ActiveCfg = Debug|Any CPU
		{31FEADAA-139E-D6E9-7830-AC566CD0418A}.Debug|Any CPU.Build.0 = Debug|Any CPU
		{31FEADAA-139E-D6E9-7830-AC566CD0418A}.Release|Any CPU.ActiveCfg = Release|Any CPU
		{31FEADAA-139E-D6E9-7830-AC566CD0418A}.Release|Any CPU.Build.0 = Release|Any CPU
		{728D6617-D48F-4880-AE5A-0E27663FF702}.Debug|Any CPU.ActiveCfg = Debug|Any CPU
		{728D6617-D48F-4880-AE5A-0E27663FF702}.Debug|Any CPU.Build.0 = Debug|Any CPU
		{728D6617-D48F-4880-AE5A-0E27663FF702}.Release|Any CPU.ActiveCfg = Release|Any CPU
		{728D6617-D48F-4880-AE5A-0E27663FF702}.Release|Any CPU.Build.0 = Release|Any CPU
		{E622096F-900D-FC18-DA87-2FA8899773C7}.Debug|Any CPU.ActiveCfg = Debug|Any CPU
		{E622096F-900D-FC18-DA87-2FA8899773C7}.Debug|Any CPU.Build.0 = Debug|Any CPU
		{E622096F-900D-FC18-DA87-2FA8899773C7}.Release|Any CPU.ActiveCfg = Release|Any CPU
		{E622096F-900D-FC18-DA87-2FA8899773C7}.Release|Any CPU.Build.0 = Release|Any CPU
		{359F0B25-4685-B09E-2B55-EC2344C7D6AF}.Debug|Any CPU.ActiveCfg = Debug|Any CPU
		{359F0B25-4685-B09E-2B55-EC2344C7D6AF}.Debug|Any CPU.Build.0 = Debug|Any CPU
		{359F0B25-4685-B09E-2B55-EC2344C7D6AF}.Release|Any CPU.ActiveCfg = Release|Any CPU
		{359F0B25-4685-B09E-2B55-EC2344C7D6AF}.Release|Any CPU.Build.0 = Release|Any CPU
		{F66064E7-A697-FA78-8478-745ACF3020AF}.Debug|Any CPU.ActiveCfg = Debug|Any CPU
		{F66064E7-A697-FA78-8478-745ACF3020AF}.Debug|Any CPU.Build.0 = Debug|Any CPU
		{F66064E7-A697-FA78-8478-745ACF3020AF}.Release|Any CPU.ActiveCfg = Release|Any CPU
		{F66064E7-A697-FA78-8478-745ACF3020AF}.Release|Any CPU.Build.0 = Release|Any CPU
		{599A80A7-BB7E-3460-9765-7F523C5ADD49}.Debug|Any CPU.ActiveCfg = Debug|Any CPU
		{599A80A7-BB7E-3460-9765-7F523C5ADD49}.Debug|Any CPU.Build.0 = Debug|Any CPU
		{599A80A7-BB7E-3460-9765-7F523C5ADD49}.Release|Any CPU.ActiveCfg = Release|Any CPU
		{599A80A7-BB7E-3460-9765-7F523C5ADD49}.Release|Any CPU.Build.0 = Release|Any CPU
		{ABF12464-235D-0A71-058A-E3DD2C27E2E6}.Debug|Any CPU.ActiveCfg = Debug|Any CPU
		{ABF12464-235D-0A71-058A-E3DD2C27E2E6}.Debug|Any CPU.Build.0 = Debug|Any CPU
		{ABF12464-235D-0A71-058A-E3DD2C27E2E6}.Release|Any CPU.ActiveCfg = Release|Any CPU
		{ABF12464-235D-0A71-058A-E3DD2C27E2E6}.Release|Any CPU.Build.0 = Release|Any CPU
		{699C0F73-DC48-8257-BCDA-29C874C201C0}.Debug|Any CPU.ActiveCfg = Debug|Any CPU
		{699C0F73-DC48-8257-BCDA-29C874C201C0}.Debug|Any CPU.Build.0 = Debug|Any CPU
		{699C0F73-DC48-8257-BCDA-29C874C201C0}.Release|Any CPU.ActiveCfg = Release|Any CPU
		{699C0F73-DC48-8257-BCDA-29C874C201C0}.Release|Any CPU.Build.0 = Release|Any CPU
		{C866833E-B205-1B23-E897-05EF01CF757A}.Debug|Any CPU.ActiveCfg = Debug|Any CPU
		{C866833E-B205-1B23-E897-05EF01CF757A}.Debug|Any CPU.Build.0 = Debug|Any CPU
		{C866833E-B205-1B23-E897-05EF01CF757A}.Release|Any CPU.ActiveCfg = Release|Any CPU
		{C866833E-B205-1B23-E897-05EF01CF757A}.Release|Any CPU.Build.0 = Release|Any CPU
		{48F67B4B-57C8-2DDC-A926-879F72F6585C}.Debug|Any CPU.ActiveCfg = Debug|Any CPU
		{48F67B4B-57C8-2DDC-A926-879F72F6585C}.Debug|Any CPU.Build.0 = Debug|Any CPU
		{48F67B4B-57C8-2DDC-A926-879F72F6585C}.Release|Any CPU.ActiveCfg = Release|Any CPU
		{48F67B4B-57C8-2DDC-A926-879F72F6585C}.Release|Any CPU.Build.0 = Release|Any CPU
		{81FEABC4-BFC8-F381-57D5-D9622634AC0E}.Debug|Any CPU.ActiveCfg = Debug|Any CPU
		{81FEABC4-BFC8-F381-57D5-D9622634AC0E}.Debug|Any CPU.Build.0 = Debug|Any CPU
		{81FEABC4-BFC8-F381-57D5-D9622634AC0E}.Release|Any CPU.ActiveCfg = Release|Any CPU
		{81FEABC4-BFC8-F381-57D5-D9622634AC0E}.Release|Any CPU.Build.0 = Release|Any CPU
		{4AB6BB60-1003-F642-1246-084AC2B7CD4F}.Debug|Any CPU.ActiveCfg = Debug|Any CPU
		{4AB6BB60-1003-F642-1246-084AC2B7CD4F}.Debug|Any CPU.Build.0 = Debug|Any CPU
		{4AB6BB60-1003-F642-1246-084AC2B7CD4F}.Release|Any CPU.ActiveCfg = Release|Any CPU
		{4AB6BB60-1003-F642-1246-084AC2B7CD4F}.Release|Any CPU.Build.0 = Release|Any CPU
		{43086F7C-0AE1-C8D5-16B4-FE4F7A305089}.Debug|Any CPU.ActiveCfg = Debug|Any CPU
		{43086F7C-0AE1-C8D5-16B4-FE4F7A305089}.Debug|Any CPU.Build.0 = Debug|Any CPU
		{43086F7C-0AE1-C8D5-16B4-FE4F7A305089}.Release|Any CPU.ActiveCfg = Release|Any CPU
		{43086F7C-0AE1-C8D5-16B4-FE4F7A305089}.Release|Any CPU.Build.0 = Release|Any CPU
		{B830DE09-9FE6-CC5D-98EE-DDF7DEC76CBA}.Debug|Any CPU.ActiveCfg = Debug|Any CPU
		{B830DE09-9FE6-CC5D-98EE-DDF7DEC76CBA}.Debug|Any CPU.Build.0 = Debug|Any CPU
		{B830DE09-9FE6-CC5D-98EE-DDF7DEC76CBA}.Release|Any CPU.ActiveCfg = Release|Any CPU
		{B830DE09-9FE6-CC5D-98EE-DDF7DEC76CBA}.Release|Any CPU.Build.0 = Release|Any CPU
		{29A6F6A2-6CDB-B17C-1F68-9822E8312FAB}.Debug|Any CPU.ActiveCfg = Debug|Any CPU
		{29A6F6A2-6CDB-B17C-1F68-9822E8312FAB}.Debug|Any CPU.Build.0 = Debug|Any CPU
		{29A6F6A2-6CDB-B17C-1F68-9822E8312FAB}.Release|Any CPU.ActiveCfg = Release|Any CPU
		{29A6F6A2-6CDB-B17C-1F68-9822E8312FAB}.Release|Any CPU.Build.0 = Release|Any CPU
	EndGlobalSection
	GlobalSection(SolutionProperties) = preSolution
		HideSolutionNode = FALSE
	EndGlobalSection
EndGlobal
